PODS:
  - Alamofire (5.6.4)
  - ESTabBarController-swift (2.6.5)
  - FlagKit (2.2)
  - KeychainAccess (4.2.2)
  - Lokalise (0.10.2)
  - ReachabilitySwift (5.0.0)
  - SnapKit (5.6.0)
  - SVProgressHUD (2.2.5)
  - SwiftLint (0.50.3)
  - SwiftyJSON (5.0.1)

DEPENDENCIES:
  - Alamofire
  - ESTabBarController-swift (~> 2.6.4)
  - FlagKit
  - KeychainAccess
  - Lokalise
  - ReachabilitySwift
  - SnapKit
  - SVProgressHUD
  - SwiftLint
  - SwiftyJSON

SPEC REPOS:
  trunk:
    - Alamofire
    - ESTabBarController-swift
    - FlagKit
    - KeychainAccess
    - Lokalise
    - ReachabilitySwift
    - SnapKit
    - SVProgressHUD
    - SwiftLint
    - SwiftyJSON

SPEC CHECKSUMS:
  Alamofire: 4e95d97098eacb88856099c4fc79b526a299e48c
  ESTabBarController-swift: f31cd3e30bde23619d3b300266f27864d96ffb58
  FlagKit: eca7dc89064b0c986302ba9acefad1bf80a435b1
  KeychainAccess: c0c4f7f38f6fc7bbe58f5702e25f7bd2f65abf51
  Lokalise: 252c397887dfd9983331abffa90ab60cdb004e19
  ReachabilitySwift: 985039c6f7b23a1da463388634119492ff86c825
  SnapKit: e01d52ebb8ddbc333eefe2132acf85c8227d9c25
  SVProgressHUD: 1428aafac632c1f86f62aa4243ec12008d7a51d6
  SwiftLint: 77f7cb2b9bb81ab4a12fcc86448ba3f11afa50c6
  SwiftyJSON: 2f33a42c6fbc52764d96f13368585094bfd8aa5e

PODFILE CHECKSUM: a17b063fc7b3f40643e8761f6ec5c09136bc8fb6

COCOAPODS: 1.11.3
